// !$*UTF8*$!
{
	archiveVersion = 1;
	classes = {
	};
	objectVersion = 46;
	objects = {

/* Begin PBXBuildFile section */
		2C76A5CB19680680004D6D80 /* AWXMLRequestSerializerFixed.m in Sources */ = {isa = PBXBuildFile; fileRef = 2C76A5CA19680680004D6D80 /* AWXMLRequestSerializerFixed.m */; };
		2CBD25B51966CC61001613A7 /* Foundation.framework in Frameworks */ = {isa = PBXBuildFile; fileRef = 2CBD25B41966CC61001613A7 /* Foundation.framework */; };
		2CBD25B71966CC61001613A7 /* CoreGraphics.framework in Frameworks */ = {isa = PBXBuildFile; fileRef = 2CBD25B61966CC61001613A7 /* CoreGraphics.framework */; };
		2CBD25B91966CC61001613A7 /* UIKit.framework in Frameworks */ = {isa = PBXBuildFile; fileRef = 2CBD25B81966CC61001613A7 /* UIKit.framework */; };
		2CBD25BF1966CC61001613A7 /* InfoPlist.strings in Resources */ = {isa = PBXBuildFile; fileRef = 2CBD25BD1966CC61001613A7 /* InfoPlist.strings */; };
		2CBD25C11966CC61001613A7 /* main.m in Sources */ = {isa = PBXBuildFile; fileRef = 2CBD25C01966CC61001613A7 /* main.m */; };
		2CBD25C51966CC61001613A7 /* STMAppDelegate.m in Sources */ = {isa = PBXBuildFile; fileRef = 2CBD25C41966CC61001613A7 /* STMAppDelegate.m */; };
		2CBD25C81966CC61001613A7 /* Main_iPhone.storyboard in Resources */ = {isa = PBXBuildFile; fileRef = 2CBD25C61966CC61001613A7 /* Main_iPhone.storyboard */; };
		2CBD25CB1966CC61001613A7 /* Main_iPad.storyboard in Resources */ = {isa = PBXBuildFile; fileRef = 2CBD25C91966CC61001613A7 /* Main_iPad.storyboard */; };
		2CBD25CE1966CC61001613A7 /* STMViewController.m in Sources */ = {isa = PBXBuildFile; fileRef = 2CBD25CD1966CC61001613A7 /* STMViewController.m */; };
		2CBD25D01966CC61001613A7 /* Images.xcassets in Resources */ = {isa = PBXBuildFile; fileRef = 2CBD25CF1966CC61001613A7 /* Images.xcassets */; };
		2CBD25D71966CC61001613A7 /* XCTest.framework in Frameworks */ = {isa = PBXBuildFile; fileRef = 2CBD25D61966CC61001613A7 /* XCTest.framework */; };
		2CBD25D81966CC61001613A7 /* Foundation.framework in Frameworks */ = {isa = PBXBuildFile; fileRef = 2CBD25B41966CC61001613A7 /* Foundation.framework */; };
		2CBD25D91966CC61001613A7 /* UIKit.framework in Frameworks */ = {isa = PBXBuildFile; fileRef = 2CBD25B81966CC61001613A7 /* UIKit.framework */; };
		2CBD25E11966CC61001613A7 /* InfoPlist.strings in Resources */ = {isa = PBXBuildFile; fileRef = 2CBD25DF1966CC61001613A7 /* InfoPlist.strings */; };
		2CBD25E31966CC61001613A7 /* testS3UploadTests.m in Sources */ = {isa = PBXBuildFile; fileRef = 2CBD25E21966CC61001613A7 /* testS3UploadTests.m */; };
		589734C384BB413084D5F94F /* libPods.a in Frameworks */ = {isa = PBXBuildFile; fileRef = FC893DCCE6354F4C956AA3F7 /* libPods.a */; };
/* End PBXBuildFile section */

/* Begin PBXContainerItemProxy section */
		2CBD25DA1966CC61001613A7 /* PBXContainerItemProxy */ = {
			isa = PBXContainerItemProxy;
			containerPortal = 2CBD25A91966CC61001613A7 /* Project object */;
			proxyType = 1;
			remoteGlobalIDString = 2CBD25B01966CC61001613A7;
			remoteInfo = testS3Upload;
		};
/* End PBXContainerItemProxy section */

/* Begin PBXFileReference section */
		2C76A5C81966DA34004D6D80 /* STMCredentials.h */ = {isa = PBXFileReference; lastKnownFileType = sourcecode.c.h; path = STMCredentials.h; sourceTree = "<group>"; };
		2C76A5C919680680004D6D80 /* AWXMLRequestSerializerFixed.h */ = {isa = PBXFileReference; fileEncoding = 4; lastKnownFileType = sourcecode.c.h; path = AWXMLRequestSerializerFixed.h; sourceTree = "<group>"; };
		2C76A5CA19680680004D6D80 /* AWXMLRequestSerializerFixed.m */ = {isa = PBXFileReference; fileEncoding = 4; lastKnownFileType = sourcecode.c.objc; path = AWXMLRequestSerializerFixed.m; sourceTree = "<group>"; };
		2CBD25B11966CC61001613A7 /* testS3Upload.app */ = {isa = PBXFileReference; explicitFileType = wrapper.application; includeInIndex = 0; path = testS3Upload.app; sourceTree = BUILT_PRODUCTS_DIR; };
		2CBD25B41966CC61001613A7 /* Foundation.framework */ = {isa = PBXFileReference; lastKnownFileType = wrapper.framework; name = Foundation.framework; path = System/Library/Frameworks/Foundation.framework; sourceTree = SDKROOT; };
		2CBD25B61966CC61001613A7 /* CoreGraphics.framework */ = {isa = PBXFileReference; lastKnownFileType = wrapper.framework; name = CoreGraphics.framework; path = System/Library/Frameworks/CoreGraphics.framework; sourceTree = SDKROOT; };
		2CBD25B81966CC61001613A7 /* UIKit.framework */ = {isa = PBXFileReference; lastKnownFileType = wrapper.framework; name = UIKit.framework; path = System/Library/Frameworks/UIKit.framework; sourceTree = SDKROOT; };
		2CBD25BC1966CC61001613A7 /* testS3Upload-Info.plist */ = {isa = PBXFileReference; lastKnownFileType = text.plist.xml; path = "testS3Upload-Info.plist"; sourceTree = "<group>"; };
		2CBD25BE1966CC61001613A7 /* en */ = {isa = PBXFileReference; lastKnownFileType = text.plist.strings; name = en; path = en.lproj/InfoPlist.strings; sourceTree = "<group>"; };
		2CBD25C01966CC61001613A7 /* main.m */ = {isa = PBXFileReference; lastKnownFileType = sourcecode.c.objc; path = main.m; sourceTree = "<group>"; };
		2CBD25C21966CC61001613A7 /* testS3Upload-Prefix.pch */ = {isa = PBXFileReference; lastKnownFileType = sourcecode.c.h; path = "testS3Upload-Prefix.pch"; sourceTree = "<group>"; };
		2CBD25C31966CC61001613A7 /* STMAppDelegate.h */ = {isa = PBXFileReference; lastKnownFileType = sourcecode.c.h; path = STMAppDelegate.h; sourceTree = "<group>"; };
		2CBD25C41966CC61001613A7 /* STMAppDelegate.m */ = {isa = PBXFileReference; lastKnownFileType = sourcecode.c.objc; path = STMAppDelegate.m; sourceTree = "<group>"; };
		2CBD25C71966CC61001613A7 /* Base */ = {isa = PBXFileReference; lastKnownFileType = file.storyboard; name = Base; path = Base.lproj/Main_iPhone.storyboard; sourceTree = "<group>"; };
		2CBD25CA1966CC61001613A7 /* Base */ = {isa = PBXFileReference; lastKnownFileType = file.storyboard; name = Base; path = Base.lproj/Main_iPad.storyboard; sourceTree = "<group>"; };
		2CBD25CC1966CC61001613A7 /* STMViewController.h */ = {isa = PBXFileReference; lastKnownFileType = sourcecode.c.h; path = STMViewController.h; sourceTree = "<group>"; };
		2CBD25CD1966CC61001613A7 /* STMViewController.m */ = {isa = PBXFileReference; lastKnownFileType = sourcecode.c.objc; path = STMViewController.m; sourceTree = "<group>"; };
		2CBD25CF1966CC61001613A7 /* Images.xcassets */ = {isa = PBXFileReference; lastKnownFileType = folder.assetcatalog; path = Images.xcassets; sourceTree = "<group>"; };
		2CBD25D51966CC61001613A7 /* testS3UploadTests.xctest */ = {isa = PBXFileReference; explicitFileType = wrapper.cfbundle; includeInIndex = 0; path = testS3UploadTests.xctest; sourceTree = BUILT_PRODUCTS_DIR; };
		2CBD25D61966CC61001613A7 /* XCTest.framework */ = {isa = PBXFileReference; lastKnownFileType = wrapper.framework; name = XCTest.framework; path = Library/Frameworks/XCTest.framework; sourceTree = DEVELOPER_DIR; };
		2CBD25DE1966CC61001613A7 /* testS3UploadTests-Info.plist */ = {isa = PBXFileReference; lastKnownFileType = text.plist.xml; path = "testS3UploadTests-Info.plist"; sourceTree = "<group>"; };
		2CBD25E01966CC61001613A7 /* en */ = {isa = PBXFileReference; lastKnownFileType = text.plist.strings; name = en; path = en.lproj/InfoPlist.strings; sourceTree = "<group>"; };
		2CBD25E21966CC61001613A7 /* testS3UploadTests.m */ = {isa = PBXFileReference; lastKnownFileType = sourcecode.c.objc; path = testS3UploadTests.m; sourceTree = "<group>"; };
		EE2722031D6F4026B39040BC /* Pods.xcconfig */ = {isa = PBXFileReference; includeInIndex = 1; lastKnownFileType = text.xcconfig; name = Pods.xcconfig; path = Pods/Pods.xcconfig; sourceTree = "<group>"; };
		FC893DCCE6354F4C956AA3F7 /* libPods.a */ = {isa = PBXFileReference; explicitFileType = archive.ar; includeInIndex = 0; path = libPods.a; sourceTree = BUILT_PRODUCTS_DIR; };
/* End PBXFileReference section */

/* Begin PBXFrameworksBuildPhase section */
		2CBD25AE1966CC61001613A7 /* Frameworks */ = {
			isa = PBXFrameworksBuildPhase;
			buildActionMask = 2147483647;
			files = (
				2CBD25B71966CC61001613A7 /* CoreGraphics.framework in Frameworks */,
				2CBD25B91966CC61001613A7 /* UIKit.framework in Frameworks */,
				2CBD25B51966CC61001613A7 /* Foundation.framework in Frameworks */,
				589734C384BB413084D5F94F /* libPods.a in Frameworks */,
			);
			runOnlyForDeploymentPostprocessing = 0;
		};
		2CBD25D21966CC61001613A7 /* Frameworks */ = {
			isa = PBXFrameworksBuildPhase;
			buildActionMask = 2147483647;
			files = (
				2CBD25D71966CC61001613A7 /* XCTest.framework in Frameworks */,
				2CBD25D91966CC61001613A7 /* UIKit.framework in Frameworks */,
				2CBD25D81966CC61001613A7 /* Foundation.framework in Frameworks */,
			);
			runOnlyForDeploymentPostprocessing = 0;
		};
/* End PBXFrameworksBuildPhase section */

/* Begin PBXGroup section */
		2CBD25A81966CC61001613A7 = {
			isa = PBXGroup;
			children = (
				2CBD25BA1966CC61001613A7 /* testS3Upload */,
				2CBD25DC1966CC61001613A7 /* testS3UploadTests */,
				2CBD25B31966CC61001613A7 /* Frameworks */,
				2CBD25B21966CC61001613A7 /* Products */,
				EE2722031D6F4026B39040BC /* Pods.xcconfig */,
			);
			sourceTree = "<group>";
		};
		2CBD25B21966CC61001613A7 /* Products */ = {
			isa = PBXGroup;
			children = (
				2CBD25B11966CC61001613A7 /* testS3Upload.app */,
				2CBD25D51966CC61001613A7 /* testS3UploadTests.xctest */,
			);
			name = Products;
			sourceTree = "<group>";
		};
		2CBD25B31966CC61001613A7 /* Frameworks */ = {
			isa = PBXGroup;
			children = (
				2CBD25B41966CC61001613A7 /* Foundation.framework */,
				2CBD25B61966CC61001613A7 /* CoreGraphics.framework */,
				2CBD25B81966CC61001613A7 /* UIKit.framework */,
				2CBD25D61966CC61001613A7 /* XCTest.framework */,
				FC893DCCE6354F4C956AA3F7 /* libPods.a */,
			);
			name = Frameworks;
			sourceTree = "<group>";
		};
		2CBD25BA1966CC61001613A7 /* testS3Upload */ = {
			isa = PBXGroup;
			children = (
				2CBD25C31966CC61001613A7 /* STMAppDelegate.h */,
				2CBD25C41966CC61001613A7 /* STMAppDelegate.m */,
				2C76A5C919680680004D6D80 /* AWXMLRequestSerializerFixed.h */,
				2C76A5CA19680680004D6D80 /* AWXMLRequestSerializerFixed.m */,
				2C76A5C81966DA34004D6D80 /* STMCredentials.h */,
				2CBD25C61966CC61001613A7 /* Main_iPhone.storyboard */,
				2CBD25C91966CC61001613A7 /* Main_iPad.storyboard */,
				2CBD25CC1966CC61001613A7 /* STMViewController.h */,
				2CBD25CD1966CC61001613A7 /* STMViewController.m */,
				2CBD25CF1966CC61001613A7 /* Images.xcassets */,
				2CBD25BB1966CC61001613A7 /* Supporting Files */,
			);
			path = testS3Upload;
			sourceTree = "<group>";
		};
		2CBD25BB1966CC61001613A7 /* Supporting Files */ = {
			isa = PBXGroup;
			children = (
				2CBD25BC1966CC61001613A7 /* testS3Upload-Info.plist */,
				2CBD25BD1966CC61001613A7 /* InfoPlist.strings */,
				2CBD25C01966CC61001613A7 /* main.m */,
				2CBD25C21966CC61001613A7 /* testS3Upload-Prefix.pch */,
			);
			name = "Supporting Files";
			sourceTree = "<group>";
		};
		2CBD25DC1966CC61001613A7 /* testS3UploadTests */ = {
			isa = PBXGroup;
			children = (
				2CBD25E21966CC61001613A7 /* testS3UploadTests.m */,
				2CBD25DD1966CC61001613A7 /* Supporting Files */,
			);
			path = testS3UploadTests;
			sourceTree = "<group>";
		};
		2CBD25DD1966CC61001613A7 /* Supporting Files */ = {
			isa = PBXGroup;
			children = (
				2CBD25DE1966CC61001613A7 /* testS3UploadTests-Info.plist */,
				2CBD25DF1966CC61001613A7 /* InfoPlist.strings */,
			);
			name = "Supporting Files";
			sourceTree = "<group>";
		};
/* End PBXGroup section */

/* Begin PBXNativeTarget section */
		2CBD25B01966CC61001613A7 /* testS3Upload */ = {
			isa = PBXNativeTarget;
			buildConfigurationList = 2CBD25E61966CC61001613A7 /* Build configuration list for PBXNativeTarget "testS3Upload" */;
			buildPhases = (
				522EEFE056184DF8AC2E6D87 /* Check Pods Manifest.lock */,
				2CBD25AD1966CC61001613A7 /* Sources */,
				2CBD25AE1966CC61001613A7 /* Frameworks */,
				2CBD25AF1966CC61001613A7 /* Resources */,
				EA8019CE482A4156A1E84B78 /* Copy Pods Resources */,
			);
			buildRules = (
			);
			dependencies = (
			);
			name = testS3Upload;
			productName = testS3Upload;
			productReference = 2CBD25B11966CC61001613A7 /* testS3Upload.app */;
			productType = "com.apple.product-type.application";
		};
		2CBD25D41966CC61001613A7 /* testS3UploadTests */ = {
			isa = PBXNativeTarget;
			buildConfigurationList = 2CBD25E91966CC61001613A7 /* Build configuration list for PBXNativeTarget "testS3UploadTests" */;
			buildPhases = (
				2CBD25D11966CC61001613A7 /* Sources */,
				2CBD25D21966CC61001613A7 /* Frameworks */,
				2CBD25D31966CC61001613A7 /* Resources */,
			);
			buildRules = (
			);
			dependencies = (
				2CBD25DB1966CC61001613A7 /* PBXTargetDependency */,
			);
			name = testS3UploadTests;
			productName = testS3UploadTests;
			productReference = 2CBD25D51966CC61001613A7 /* testS3UploadTests.xctest */;
			productType = "com.apple.product-type.bundle.unit-test";
		};
/* End PBXNativeTarget section */

/* Begin PBXProject section */
		2CBD25A91966CC61001613A7 /* Project object */ = {
			isa = PBXProject;
			attributes = {
				CLASSPREFIX = STM;
				LastUpgradeCheck = 0510;
				ORGANIZATIONNAME = "Sistemium UAB";
				TargetAttributes = {
					2CBD25D41966CC61001613A7 = {
						TestTargetID = 2CBD25B01966CC61001613A7;
					};
				};
			};
			buildConfigurationList = 2CBD25AC1966CC61001613A7 /* Build configuration list for PBXProject "testS3Upload" */;
			compatibilityVersion = "Xcode 3.2";
			developmentRegion = English;
			hasScannedForEncodings = 0;
			knownRegions = (
				en,
				Base,
			);
			mainGroup = 2CBD25A81966CC61001613A7;
			productRefGroup = 2CBD25B21966CC61001613A7 /* Products */;
			projectDirPath = "";
			projectRoot = "";
			targets = (
				2CBD25B01966CC61001613A7 /* testS3Upload */,
				2CBD25D41966CC61001613A7 /* testS3UploadTests */,
			);
		};
/* End PBXProject section */

/* Begin PBXResourcesBuildPhase section */
		2CBD25AF1966CC61001613A7 /* Resources */ = {
			isa = PBXResourcesBuildPhase;
			buildActionMask = 2147483647;
			files = (
				2CBD25CB1966CC61001613A7 /* Main_iPad.storyboard in Resources */,
				2CBD25D01966CC61001613A7 /* Images.xcassets in Resources */,
				2CBD25C81966CC61001613A7 /* Main_iPhone.storyboard in Resources */,
				2CBD25BF1966CC61001613A7 /* InfoPlist.strings in Resources */,
			);
			runOnlyForDeploymentPostprocessing = 0;
		};
		2CBD25D31966CC61001613A7 /* Resources */ = {
			isa = PBXResourcesBuildPhase;
			buildActionMask = 2147483647;
			files = (
				2CBD25E11966CC61001613A7 /* InfoPlist.strings in Resources */,
			);
			runOnlyForDeploymentPostprocessing = 0;
		};
/* End PBXResourcesBuildPhase section */

/* Begin PBXShellScriptBuildPhase section */
		522EEFE056184DF8AC2E6D87 /* Check Pods Manifest.lock */ = {
			isa = PBXShellScriptBuildPhase;
			buildActionMask = 2147483647;
			files = (
			);
			inputPaths = (
			);
			name = "Check Pods Manifest.lock";
			outputPaths = (
			);
			runOnlyForDeploymentPostprocessing = 0;
			shellPath = /bin/sh;
			shellScript = "diff \"${PODS_ROOT}/../Podfile.lock\" \"${PODS_ROOT}/Manifest.lock\" > /dev/null\nif [[ $? != 0 ]] ; then\n    cat << EOM\nerror: The sandbox is not in sync with the Podfile.lock. Run 'pod install' or update your CocoaPods installation.\nEOM\n    exit 1\nfi\n";
			showEnvVarsInLog = 0;
		};
		EA8019CE482A4156A1E84B78 /* Copy Pods Resources */ = {
			isa = PBXShellScriptBuildPhase;
			buildActionMask = 2147483647;
			files = (
			);
			inputPaths = (
			);
			name = "Copy Pods Resources";
			outputPaths = (
			);
			runOnlyForDeploymentPostprocessing = 0;
			shellPath = /bin/sh;
			shellScript = "\"${SRCROOT}/Pods/Pods-resources.sh\"\n";
			showEnvVarsInLog = 0;
		};
/* End PBXShellScriptBuildPhase section */

/* Begin PBXSourcesBuildPhase section */
		2CBD25AD1966CC61001613A7 /* Sources */ = {
			isa = PBXSourcesBuildPhase;
			buildActionMask = 2147483647;
			files = (
				2C76A5CB19680680004D6D80 /* AWXMLRequestSerializerFixed.m in Sources */,
				2CBD25C11966CC61001613A7 /* main.m in Sources */,
				2CBD25CE1966CC61001613A7 /* STMViewController.m in Sources */,
				2CBD25C51966CC61001613A7 /* STMAppDelegate.m in Sources */,
			);
			runOnlyForDeploymentPostprocessing = 0;
		};
		2CBD25D11966CC61001613A7 /* Sources */ = {
			isa = PBXSourcesBuildPhase;
			buildActionMask = 2147483647;
			files = (
				2CBD25E31966CC61001613A7 /* testS3UploadTests.m in Sources */,
			);
			runOnlyForDeploymentPostprocessing = 0;
		};
/* End PBXSourcesBuildPhase section */

/* Begin PBXTargetDependency section */
		2CBD25DB1966CC61001613A7 /* PBXTargetDependency */ = {
			isa = PBXTargetDependency;
			target = 2CBD25B01966CC61001613A7 /* testS3Upload */;
			targetProxy = 2CBD25DA1966CC61001613A7 /* PBXContainerItemProxy */;
		};
/* End PBXTargetDependency section */

/* Begin PBXVariantGroup section */
		2CBD25BD1966CC61001613A7 /* InfoPlist.strings */ = {
			isa = PBXVariantGroup;
			children = (
				2CBD25BE1966CC61001613A7 /* en */,
			);
			name = InfoPlist.strings;
			sourceTree = "<group>";
		};
		2CBD25C61966CC61001613A7 /* Main_iPhone.storyboard */ = {
			isa = PBXVariantGroup;
			children = (
				2CBD25C71966CC61001613A7 /* Base */,
			);
			name = Main_iPhone.storyboard;
			sourceTree = "<group>";
		};
		2CBD25C91966CC61001613A7 /* Main_iPad.storyboard */ = {
			isa = PBXVariantGroup;
			children = (
				2CBD25CA1966CC61001613A7 /* Base */,
			);
			name = Main_iPad.storyboard;
			sourceTree = "<group>";
		};
		2CBD25DF1966CC61001613A7 /* InfoPlist.strings */ = {
			isa = PBXVariantGroup;
			children = (
				2CBD25E01966CC61001613A7 /* en */,
			);
			name = InfoPlist.strings;
			sourceTree = "<group>";
		};
/* End PBXVariantGroup section */

/* Begin XCBuildConfiguration section */
		2CBD25E41966CC61001613A7 /* Debug */ = {
			isa = XCBuildConfiguration;
			buildSettings = {
				ALWAYS_SEARCH_USER_PATHS = NO;
				CLANG_CXX_LANGUAGE_STANDARD = "gnu++0x";
				CLANG_CXX_LIBRARY = "libc++";
				CLANG_ENABLE_MODULES = YES;
				CLANG_ENABLE_OBJC_ARC = YES;
				CLANG_WARN_BOOL_CONVERSION = YES;
				CLANG_WARN_CONSTANT_CONVERSION = YES;
				CLANG_WARN_DIRECT_OBJC_ISA_USAGE = YES_ERROR;
				CLANG_WARN_EMPTY_BODY = YES;
				CLANG_WARN_ENUM_CONVERSION = YES;
				CLANG_WARN_INT_CONVERSION = YES;
				CLANG_WARN_OBJC_ROOT_CLASS = YES_ERROR;
				CLANG_WARN__DUPLICATE_METHOD_MATCH = YES;
				"CODE_SIGN_IDENTITY[sdk=iphoneos*]" = "iPhone Developer";
				COPY_PHASE_STRIP = NO;
				GCC_C_LANGUAGE_STANDARD = gnu99;
				GCC_DYNAMIC_NO_PIC = NO;
				GCC_OPTIMIZATION_LEVEL = 0;
				GCC_PREPROCESSOR_DEFINITIONS = (
					"DEBUG=1",
					"$(inherited)",
				);
				GCC_SYMBOLS_PRIVATE_EXTERN = NO;
				GCC_WARN_64_TO_32_BIT_CONVERSION = YES;
				GCC_WARN_ABOUT_RETURN_TYPE = YES_ERROR;
				GCC_WARN_UNDECLARED_SELECTOR = YES;
				GCC_WARN_UNINITIALIZED_AUTOS = YES_AGGRESSIVE;
				GCC_WARN_UNUSED_FUNCTION = YES;
				GCC_WARN_UNUSED_VARIABLE = YES;
				IPHONEOS_DEPLOYMENT_TARGET = 7.1;
				ONLY_ACTIVE_ARCH = YES;
				SDKROOT = iphoneos;
				TARGETED_DEVICE_FAMILY = "1,2";
			};
			name = Debug;
		};
		2CBD25E51966CC61001613A7 /* Release */ = {
			isa = XCBuildConfiguration;
			buildSettings = {
				ALWAYS_SEARCH_USER_PATHS = NO;
				CLANG_CXX_LANGUAGE_STANDARD = "gnu++0x";
				CLANG_CXX_LIBRARY = "libc++";
				CLANG_ENABLE_MODULES = YES;
				CLANG_ENABLE_OBJC_ARC = YES;
				CLANG_WARN_BOOL_CONVERSION = YES;
				CLANG_WARN_CONSTANT_CONVERSION = YES;
				CLANG_WARN_DIRECT_OBJC_ISA_USAGE = YES_ERROR;
				CLANG_WARN_EMPTY_BODY = YES;
				CLANG_WARN_ENUM_CONVERSION = YES;
				CLANG_WARN_INT_CONVERSION = YES;
				CLANG_WARN_OBJC_ROOT_CLASS = YES_ERROR;
				CLANG_WARN__DUPLICATE_METHOD_MATCH = YES;
				"CODE_SIGN_IDENTITY[sdk=iphoneos*]" = "iPhone Developer";
				COPY_PHASE_STRIP = YES;
				ENABLE_NS_ASSERTIONS = NO;
				GCC_C_LANGUAGE_STANDARD = gnu99;
				GCC_WARN_64_TO_32_BIT_CONVERSION = YES;
				GCC_WARN_ABOUT_RETURN_TYPE = YES_ERROR;
				GCC_WARN_UNDECLARED_SELECTOR = YES;
				GCC_WARN_UNINITIALIZED_AUTOS = YES_AGGRESSIVE;
				GCC_WARN_UNUSED_FUNCTION = YES;
				GCC_WARN_UNUSED_VARIABLE = YES;
				IPHONEOS_DEPLOYMENT_TARGET = 7.1;
				SDKROOT = iphoneos;
				TARGETED_DEVICE_FAMILY = "1,2";
				VALIDATE_PRODUCT = YES;
			};
			name = Release;
		};
		2CBD25E71966CC61001613A7 /* Debug */ = {
			isa = XCBuildConfiguration;
			baseConfigurationReference = EE2722031D6F4026B39040BC /* Pods.xcconfig */;
			buildSettings = {
				ASSETCATALOG_COMPILER_APPICON_NAME = AppIcon;
				ASSETCATALOG_COMPILER_LAUNCHIMAGE_NAME = LaunchImage;
				GCC_PRECOMPILE_PREFIX_HEADER = YES;
				GCC_PREFIX_HEADER = "testS3Upload/testS3Upload-Prefix.pch";
				INFOPLIST_FILE = "testS3Upload/testS3Upload-Info.plist";
				PRODUCT_NAME = "$(TARGET_NAME)";
				WRAPPER_EXTENSION = app;
			};
			name = Debug;
		};
		2CBD25E81966CC61001613A7 /* Release */ = {
			isa = XCBuildConfiguration;
			baseConfigurationReference = EE2722031D6F4026B39040BC /* Pods.xcconfig */;
			buildSettings = {
				ASSETCATALOG_COMPILER_APPICON_NAME = AppIcon;
				ASSETCATALOG_COMPILER_LAUNCHIMAGE_NAME = LaunchImage;
				GCC_PRECOMPILE_PREFIX_HEADER = YES;
				GCC_PREFIX_HEADER = "testS3Upload/testS3Upload-Prefix.pch";
				INFOPLIST_FILE = "testS3Upload/testS3Upload-Info.plist";
				PRODUCT_NAME = "$(TARGET_NAME)";
				WRAPPER_EXTENSION = app;
			};
			name = Release;
		};
		2CBD25EA1966CC61001613A7 /* Debug */ = {
			isa = XCBuildConfiguration;
			buildSettings = {
				BUNDLE_LOADER = "$(BUILT_PRODUCTS_DIR)/testS3Upload.app/testS3Upload";
				FRAMEWORK_SEARCH_PATHS = (
					"$(SDKROOT)/Developer/Library/Frameworks",
					"$(inherited)",
					"$(DEVELOPER_FRAMEWORKS_DIR)",
				);
				GCC_PRECOMPILE_PREFIX_HEADER = YES;
				GCC_PREFIX_HEADER = "testS3Upload/testS3Upload-Prefix.pch";
				GCC_PREPROCESSOR_DEFINITIONS = (
					"DEBUG=1",
					"$(inherited)",
				);
				INFOPLIST_FILE = "testS3UploadTests/testS3UploadTests-Info.plist";
				PRODUCT_NAME = "$(TARGET_NAME)";
				TEST_HOST = "$(BUNDLE_LOADER)";
				WRAPPER_EXTENSION = xctest;
			};
			name = Debug;
		};
		2CBD25EB1966CC61001613A7 /* Release */ = {
			isa = XCBuildConfiguration;
			buildSettings = {
				BUNDLE_LOADER = "$(BUILT_PRODUCTS_DIR)/testS3Upload.app/testS3Upload";
				FRAMEWORK_SEARCH_PATHS = (
					"$(SDKROOT)/Developer/Library/Frameworks",
					"$(inherited)",
					"$(DEVELOPER_FRAMEWORKS_DIR)",
				);
				GCC_PRECOMPILE_PREFIX_HEADER = YES;
				GCC_PREFIX_HEADER = "testS3Upload/testS3Upload-Prefix.pch";
				INFOPLIST_FILE = "testS3UploadTests/testS3UploadTests-Info.plist";
				PRODUCT_NAME = "$(TARGET_NAME)";
				TEST_HOST = "$(BUNDLE_LOADER)";
				WRAPPER_EXTENSION = xctest;
			};
			name = Release;
		};
/* End XCBuildConfiguration section */

/* Begin XCConfigurationList section */
		2CBD25AC1966CC61001613A7 /* Build configuration list for PBXProject "testS3Upload" */ = {
			isa = XCConfigurationList;
			buildConfigurations = (
				2CBD25E41966CC61001613A7 /* Debug */,
				2CBD25E51966CC61001613A7 /* Release */,
			);
			defaultConfigurationIsVisible = 0;
			defaultConfigurationName = Release;
		};
		2CBD25E61966CC61001613A7 /* Build configuration list for PBXNativeTarget "testS3Upload" */ = {
			isa = XCConfigurationList;
			buildConfigurations = (
				2CBD25E71966CC61001613A7 /* Debug */,
				2CBD25E81966CC61001613A7 /* Release */,
			);
			defaultConfigurationIsVisible = 0;
			defaultConfigurationName = Release;
		};
		2CBD25E91966CC61001613A7 /* Build configuration list for PBXNativeTarget "testS3UploadTests" */ = {
			isa = XCConfigurationList;
			buildConfigurations = (
				2CBD25EA1966CC61001613A7 /* Debug */,
				2CBD25EB1966CC61001613A7 /* Release */,
			);
			defaultConfigurationIsVisible = 0;
			defaultConfigurationName = Release;
		};
/* End XCConfigurationList section */
	};
	rootObject = 2CBD25A91966CC61001613A7 /* Project object */;
}
